
Microsoft Visual Studio Solution File, Format Version 12.00
# Visual Studio 2013
VisualStudioVersion = 12.0.30501.0
MinimumVisualStudioVersion = 10.0.40219.1
Project("{FAE04EC0-301F-11D3-BF4B-00C04F79EFBC}") = "KidAccidentPrecaution", "KidAccidentPrecaution\KidAccidentPrecaution.csproj", "{EF31D0CC-88B4-4CD0-97F3-EEC8D9C63B91}"
EndProject
Project("{FAE04EC0-301F-11D3-BF4B-00C04F79EFBC}") = "KidTrackingWindows", "KidTrackingWindows\KidTrackingWindows.csproj", "{6429DA99-A25F-409D-9C36-1D51F057777E}"
EndProject
Global
	GlobalSection(SolutionConfigurationPlatforms) = preSolution
		Debug|Any CPU = Debug|Any CPU
		Release|Any CPU = Release|Any CPU
	EndGlobalSection
	GlobalSection(ProjectConfigurationPlatforms) = postSolution
		{EF31D0CC-88B4-4CD0-97F3-EEC8D9C63B91}.Debug|Any CPU.ActiveCfg = Debug|Any CPU
		{EF31D0CC-88B4-4CD0-97F3-EEC8D9C63B91}.Debug|Any CPU.Build.0 = Debug|Any CPU
		{EF31D0CC-88B4-4CD0-97F3-EEC8D9C63B91}.Release|Any CPU.ActiveCfg = Release|Any CPU
		{EF31D0CC-88B4-4CD0-97F3-EEC8D9C63B91}.Release|Any CPU.Build.0 = Release|Any CPU
		{6429DA99-A25F-409D-9C36-1D51F057777E}.Debug|Any CPU.ActiveCfg = Debug|Any CPU
		{6429DA99-A25F-409D-9C36-1D51F057777E}.Debug|Any CPU.Build.0 = Debug|Any CPU
		{6429DA99-A25F-409D-9C36-1D51F057777E}.Release|Any CPU.ActiveCfg = Release|Any CPU
		{6429DA99-A25F-409D-9C36-1D51F057777E}.Release|Any CPU.Build.0 = Release|Any CPU
	EndGlobalSection
	GlobalSection(SolutionProperties) = preSolution
		HideSolutionNode = FALSE
	EndGlobalSection
EndGlobal
